
Microsoft Visual Studio Solution File, Format Version 12.00
# Visual Studio Version 17
VisualStudioVersion = 17.6.33829.357
MinimumVisualStudioVersion = 10.0.40219.1
Project("{FAE04EC0-301F-11D3-BF4B-00C04F79EFBC}") = "MauiSaveOpenPDFPackage", "MauiSaveOpenPDFPackage\MauiSaveOpenPDFPackage.csproj", "{3E95F6DF-8005-4A33-8475-91FD3E4D429B}"
EndProject
Project("{FAE04EC0-301F-11D3-BF4B-00C04F79EFBC}") = "Maui.Save.Open.PDF", "Maui.Save.Open.PDF\Maui.Save.Open.PDF.csproj", "{AA5E37C9-E365-4513-BEB5-2AA2A6A2B8CE}"
EndProject
Global
	GlobalSection(SolutionConfigurationPlatforms) = preSolution
		Ad-Hoc|Any CPU = Ad-Hoc|Any CPU
		Ad-Hoc|iPhone = Ad-Hoc|iPhone
		Ad-Hoc|iPhoneSimulator = Ad-Hoc|iPhoneSimulator
		AppStore|Any CPU = AppStore|Any CPU
		AppStore|iPhone = AppStore|iPhone
		AppStore|iPhoneSimulator = AppStore|iPhoneSimulator
		Debug|Any CPU = Debug|Any CPU
		Debug|iPhone = Debug|iPhone
		Debug|iPhoneSimulator = Debug|iPhoneSimulator
		Release|Any CPU = Release|Any CPU
		Release|iPhone = Release|iPhone
		Release|iPhoneSimulator = Release|iPhoneSimulator
	EndGlobalSection
	GlobalSection(ProjectConfigurationPlatforms) = postSolution
		{3E95F6DF-8005-4A33-8475-91FD3E4D429B}.Ad-Hoc|Any CPU.ActiveCfg = Debug|Any CPU
		{3E95F6DF-8005-4A33-8475-91FD3E4D429B}.Ad-Hoc|Any CPU.Build.0 = Debug|Any CPU
		{3E95F6DF-8005-4A33-8475-91FD3E4D429B}.Ad-Hoc|iPhone.ActiveCfg = Debug|Any CPU
		{3E95F6DF-8005-4A33-8475-91FD3E4D429B}.Ad-Hoc|iPhone.Build.0 = Debug|Any CPU
		{3E95F6DF-8005-4A33-8475-91FD3E4D429B}.Ad-Hoc|iPhoneSimulator.ActiveCfg = Debug|Any CPU
		{3E95F6DF-8005-4A33-8475-91FD3E4D429B}.Ad-Hoc|iPhoneSimulator.Build.0 = Debug|Any CPU
		{3E95F6DF-8005-4A33-8475-91FD3E4D429B}.AppStore|Any CPU.ActiveCfg = Debug|Any CPU
		{3E95F6DF-8005-4A33-8475-91FD3E4D429B}.AppStore|Any CPU.Build.0 = Debug|Any CPU
		{3E95F6DF-8005-4A33-8475-91FD3E4D429B}.AppStore|iPhone.ActiveCfg = Debug|Any CPU
		{3E95F6DF-8005-4A33-8475-91FD3E4D429B}.AppStore|iPhone.Build.0 = Debug|Any CPU
		{3E95F6DF-8005-4A33-8475-91FD3E4D429B}.AppStore|iPhoneSimulator.ActiveCfg = Debug|Any CPU
		{3E95F6DF-8005-4A33-8475-91FD3E4D429B}.AppStore|iPhoneSimulator.Build.0 = Debug|Any CPU
		{3E95F6DF-8005-4A33-8475-91FD3E4D429B}.Debug|Any CPU.ActiveCfg = Debug|Any CPU
		{3E95F6DF-8005-4A33-8475-91FD3E4D429B}.Debug|Any CPU.Build.0 = Debug|Any CPU
		{3E95F6DF-8005-4A33-8475-91FD3E4D429B}.Debug|iPhone.ActiveCfg = Debug|Any CPU
		{3E95F6DF-8005-4A33-8475-91FD3E4D429B}.Debug|iPhone.Build.0 = Debug|Any CPU
		{3E95F6DF-8005-4A33-8475-91FD3E4D429B}.Debug|iPhoneSimulator.ActiveCfg = Debug|Any CPU
		{3E95F6DF-8005-4A33-8475-91FD3E4D429B}.Debug|iPhoneSimulator.Build.0 = Debug|Any CPU
		{3E95F6DF-8005-4A33-8475-91FD3E4D429B}.Release|Any CPU.ActiveCfg = Release|Any CPU
		{3E95F6DF-8005-4A33-8475-91FD3E4D429B}.Release|Any CPU.Build.0 = Release|Any CPU
		{3E95F6DF-8005-4A33-8475-91FD3E4D429B}.Release|iPhone.ActiveCfg = Release|Any CPU
		{3E95F6DF-8005-4A33-8475-91FD3E4D429B}.Release|iPhone.Build.0 = Release|Any CPU
		{3E95F6DF-8005-4A33-8475-91FD3E4D429B}.Release|iPhoneSimulator.ActiveCfg = Release|Any CPU
		{3E95F6DF-8005-4A33-8475-91FD3E4D429B}.Release|iPhoneSimulator.Build.0 = Release|Any CPU
		{AA5E37C9-E365-4513-BEB5-2AA2A6A2B8CE}.Ad-Hoc|Any CPU.ActiveCfg = Debug|Any CPU
		{AA5E37C9-E365-4513-BEB5-2AA2A6A2B8CE}.Ad-Hoc|Any CPU.Build.0 = Debug|Any CPU
		{AA5E37C9-E365-4513-BEB5-2AA2A6A2B8CE}.Ad-Hoc|Any CPU.Deploy.0 = Debug|Any CPU
		{AA5E37C9-E365-4513-BEB5-2AA2A6A2B8CE}.Ad-Hoc|iPhone.ActiveCfg = Debug|Any CPU
		{AA5E37C9-E365-4513-BEB5-2AA2A6A2B8CE}.Ad-Hoc|iPhone.Build.0 = Debug|Any CPU
		{AA5E37C9-E365-4513-BEB5-2AA2A6A2B8CE}.Ad-Hoc|iPhone.Deploy.0 = Debug|Any CPU
		{AA5E37C9-E365-4513-BEB5-2AA2A6A2B8CE}.Ad-Hoc|iPhoneSimulator.ActiveCfg = Debug|Any CPU
		{AA5E37C9-E365-4513-BEB5-2AA2A6A2B8CE}.Ad-Hoc|iPhoneSimulator.Build.0 = Debug|Any CPU
		{AA5E37C9-E365-4513-BEB5-2AA2A6A2B8CE}.Ad-Hoc|iPhoneSimulator.Deploy.0 = Debug|Any CPU
		{AA5E37C9-E365-4513-BEB5-2AA2A6A2B8CE}.AppStore|Any CPU.ActiveCfg = Debug|Any CPU
		{AA5E37C9-E365-4513-BEB5-2AA2A6A2B8CE}.AppStore|Any CPU.Build.0 = Debug|Any CPU
		{AA5E37C9-E365-4513-BEB5-2AA2A6A2B8CE}.AppStore|Any CPU.Deploy.0 = Debug|Any CPU
		{AA5E37C9-E365-4513-BEB5-2AA2A6A2B8CE}.AppStore|iPhone.ActiveCfg = Debug|Any CPU
		{AA5E37C9-E365-4513-BEB5-2AA2A6A2B8CE}.AppStore|iPhone.Build.0 = Debug|Any CPU
		{AA5E37C9-E365-4513-BEB5-2AA2A6A2B8CE}.AppStore|iPhone.Deploy.0 = Debug|Any CPU
		{AA5E37C9-E365-4513-BEB5-2AA2A6A2B8CE}.AppStore|iPhoneSimulator.ActiveCfg = Debug|Any CPU
		{AA5E37C9-E365-4513-BEB5-2AA2A6A2B8CE}.AppStore|iPhoneSimulator.Build.0 = Debug|Any CPU
		{AA5E37C9-E365-4513-BEB5-2AA2A6A2B8CE}.AppStore|iPhoneSimulator.Deploy.0 = Debug|Any CPU
		{AA5E37C9-E365-4513-BEB5-2AA2A6A2B8CE}.Debug|Any CPU.ActiveCfg = Debug|Any CPU
		{AA5E37C9-E365-4513-BEB5-2AA2A6A2B8CE}.Debug|Any CPU.Build.0 = Debug|Any CPU
		{AA5E37C9-E365-4513-BEB5-2AA2A6A2B8CE}.Debug|Any CPU.Deploy.0 = Debug|Any CPU
		{AA5E37C9-E365-4513-BEB5-2AA2A6A2B8CE}.Debug|iPhone.ActiveCfg = Debug|Any CPU
		{AA5E37C9-E365-4513-BEB5-2AA2A6A2B8CE}.Debug|iPhone.Build.0 = Debug|Any CPU
		{AA5E37C9-E365-4513-BEB5-2AA2A6A2B8CE}.Debug|iPhone.Deploy.0 = Debug|Any CPU
		{AA5E37C9-E365-4513-BEB5-2AA2A6A2B8CE}.Debug|iPhoneSimulator.ActiveCfg = Debug|Any CPU
		{AA5E37C9-E365-4513-BEB5-2AA2A6A2B8CE}.Debug|iPhoneSimulator.Build.0 = Debug|Any CPU
		{AA5E37C9-E365-4513-BEB5-2AA2A6A2B8CE}.Debug|iPhoneSimulator.Deploy.0 = Debug|Any CPU
		{AA5E37C9-E365-4513-BEB5-2AA2A6A2B8CE}.Release|Any CPU.ActiveCfg = Release|Any CPU
		{AA5E37C9-E365-4513-BEB5-2AA2A6A2B8CE}.Release|Any CPU.Build.0 = Release|Any CPU
		{AA5E37C9-E365-4513-BEB5-2AA2A6A2B8CE}.Release|Any CPU.Deploy.0 = Release|Any CPU
		{AA5E37C9-E365-4513-BEB5-2AA2A6A2B8CE}.Release|iPhone.ActiveCfg = Release|Any CPU
		{AA5E37C9-E365-4513-BEB5-2AA2A6A2B8CE}.Release|iPhone.Build.0 = Release|Any CPU
		{AA5E37C9-E365-4513-BEB5-2AA2A6A2B8CE}.Release|iPhone.Deploy.0 = Release|Any CPU
		{AA5E37C9-E365-4513-BEB5-2AA2A6A2B8CE}.Release|iPhoneSimulator.ActiveCfg = Release|Any CPU
		{AA5E37C9-E365-4513-BEB5-2AA2A6A2B8CE}.Release|iPhoneSimulator.Build.0 = Release|Any CPU
		{AA5E37C9-E365-4513-BEB5-2AA2A6A2B8CE}.Release|iPhoneSimulator.Deploy.0 = Release|Any CPU
	EndGlobalSection
	GlobalSection(SolutionProperties) = preSolution
		HideSolutionNode = FALSE
	EndGlobalSection
	GlobalSection(ExtensibilityGlobals) = postSolution
		SolutionGuid = {ABC669FA-65CB-4BE4-B594-B79CDBB4CE25}
	EndGlobalSection
EndGlobal
